
Microsoft Visual Studio Solution File, Format Version 12.00
# Visual Studio Version 17
VisualStudioVersion = 17.6.33829.357
MinimumVisualStudioVersion = 10.0.40219.1
Project("{FAE04EC0-301F-11D3-BF4B-00C04F79EFBC}") = "XIIRPL2_03_Ticketing", "XIIRPL2_03_Ticketing\XIIRPL2_03_Ticketing.csproj", "{F30572DD-7406-40F9-BA3F-2AD0D0B24F87}"
EndProject
Global
	GlobalSection(SolutionConfigurationPlatforms) = preSolution
		Debug|Any CPU = Debug|Any CPU
		Release|Any CPU = Release|Any CPU
	EndGlobalSection
	GlobalSection(ProjectConfigurationPlatforms) = postSolution
		{F30572DD-7406-40F9-BA3F-2AD0D0B24F87}.Debug|Any CPU.ActiveCfg = Debug|Any CPU
		{F30572DD-7406-40F9-BA3F-2AD0D0B24F87}.Debug|Any CPU.Build.0 = Debug|Any CPU
		{F30572DD-7406-40F9-BA3F-2AD0D0B24F87}.Release|Any CPU.ActiveCfg = Release|Any CPU
		{F30572DD-7406-40F9-BA3F-2AD0D0B24F87}.Release|Any CPU.Build.0 = Release|Any CPU
	EndGlobalSection
	GlobalSection(SolutionProperties) = preSolution
		HideSolutionNode = FALSE
	EndGlobalSection
	GlobalSection(ExtensibilityGlobals) = postSolution
		SolutionGuid = {29A69125-851B-4EA8-A8ED-92DA210DF59D}
	EndGlobalSection
EndGlobal
